
Microsoft Visual Studio Solution File, Format Version 12.00
# Visual Studio Version 17
VisualStudioVersion = 17.5.33414.496
MinimumVisualStudioVersion = 10.0.40219.1
Project("{FAE04EC0-301F-11D3-BF4B-00C04F79EFBC}") = "HTML_parser", "HTML_parser.csproj", "{5B5465A2-23BA-4602-BDE2-6BC83AFB03F7}"
EndProject
Global
	GlobalSection(SolutionConfigurationPlatforms) = preSolution
		Debug|Any CPU = Debug|Any CPU
		Release|Any CPU = Release|Any CPU
	EndGlobalSection
	GlobalSection(ProjectConfigurationPlatforms) = postSolution
		{5B5465A2-23BA-4602-BDE2-6BC83AFB03F7}.Debug|Any CPU.ActiveCfg = Debug|Any CPU
		{5B5465A2-23BA-4602-BDE2-6BC83AFB03F7}.Debug|Any CPU.Build.0 = Debug|Any CPU
		{5B5465A2-23BA-4602-BDE2-6BC83AFB03F7}.Release|Any CPU.ActiveCfg = Release|Any CPU
		{5B5465A2-23BA-4602-BDE2-6BC83AFB03F7}.Release|Any CPU.Build.0 = Release|Any CPU
	EndGlobalSection
	GlobalSection(SolutionProperties) = preSolution
		HideSolutionNode = FALSE
	EndGlobalSection
	GlobalSection(ExtensibilityGlobals) = postSolution
		SolutionGuid = {6891048A-73CE-4DAC-AC7D-D1E77B6549A7}
	EndGlobalSection
EndGlobal
